
Microsoft Visual Studio Solution File, Format Version 12.00
# Visual Studio Version 17
VisualStudioVersion = 17.7.34024.191
MinimumVisualStudioVersion = 10.0.40219.1
Project("{FAE04EC0-301F-11D3-BF4B-00C04F79EFBC}") = "Furniture", "Furniture.csproj", "{43071034-D512-4477-91A9-5E2C4D7B6E22}"
EndProject
Global
	GlobalSection(SolutionConfigurationPlatforms) = preSolution
		Debug|Any CPU = Debug|Any CPU
		Release|Any CPU = Release|Any CPU
	EndGlobalSection
	GlobalSection(ProjectConfigurationPlatforms) = postSolution
		{43071034-D512-4477-91A9-5E2C4D7B6E22}.Debug|Any CPU.ActiveCfg = Debug|Any CPU
		{43071034-D512-4477-91A9-5E2C4D7B6E22}.Debug|Any CPU.Build.0 = Debug|Any CPU
		{43071034-D512-4477-91A9-5E2C4D7B6E22}.Release|Any CPU.ActiveCfg = Release|Any CPU
		{43071034-D512-4477-91A9-5E2C4D7B6E22}.Release|Any CPU.Build.0 = Release|Any CPU
	EndGlobalSection
	GlobalSection(SolutionProperties) = preSolution
		HideSolutionNode = FALSE
	EndGlobalSection
	GlobalSection(ExtensibilityGlobals) = postSolution
		SolutionGuid = {561325F6-8ECA-4CC5-87C9-DA602C662DCA}
	EndGlobalSection
EndGlobal
